{
  "name": "blazor-lexical-js",
  "version": "1.0.0",
  "lockfileVersion": 3,
  "requires": true,
  "packages": {
    "": {
      "name": "blazor-lexical-js",
      "version": "1.0.0",
      "dependencies": {
        "@lexical/history": "0.48.0",
        "@lexical/html": "0.48.0",
        "@lexical/link": "0.48.0",
        "@lexical/list": "0.48.0",
        "@lexical/mark": "0.48.0",
        "@lexical/markdown": "0.48.0",
        "@lexical/rich-text": "0.48.0",
        "@lexical/selection": "0.48.0",
        "@lexical/table": "0.48.0",
        "@lexical/text": "0.48.0",
        "@lexical/utils": "0.48.0",
        "lexical": "0.48.0"
      },
      "devDependencies": {
        "esbuild": "^0.24.0",
        "typescript": "^5.6.0"
      }
    },
    "node_modules/@esbuild/aix-ppc64": {
      "version": "0.24.2",
      "resolved": "https://registry.npmjs.org/@esbuild/aix-ppc64/-/aix-ppc64-0.24.2.tgz",
      "integrity": "sha512-thpVCb/rhxE/BnMLQ7GReQLLN8q9qbHmI55F4489/ByVg2aQaQ6kbcLb6FHkocZzQhxc4gx0sCk0tJkKBFzDhA==",
      "cpu": [
        "ppc64"
      ],
      "dev": true,
      "license": "MIT",
      "optional": true,
      "os": [
        "aix"
      ],
      "engines": {
        "node": ">=18"
      }
    },
    "node_modules/@esbuild/android-arm": {
      "version": "0.24.2",
      "resolved": "https://registry.npmjs.org/@esbuild/android-arm/-/android-arm-0.24.2.tgz",
      "integrity": "sha512-tmwl4hJkCfNHwFB3nBa8z1Uy3ypZpxqxfTQOcHX+xRByyYgunVbZ9MzUUfb0RxaHIMnbHagwAxuTL+tnNM+1/Q==",
      "cpu": [
        "arm"
      ],
      "dev": true,
      "license": "MIT",
      "optional": true,
      "os": [
        "android"
      ],
      "engines": {
        "node": ">=18"
      }
    },
    "node_modules/@esbuild/android-arm64": {
      "version": "0.24.2",
      "resolved": "https://registry.npmjs.org/@esbuild/android-arm64/-/android-arm64-0.24.2.tgz",
      "integrity": "sha512-cNLgeqCqV8WxfcTIOeL4OAtSmL8JjcN6m09XIgro1Wi7cF4t/THaWEa7eL5CMoMBdjoHOTh/vwTO/o2TRXIyzg==",
      "cpu": [
        "arm64"
      ],
      "dev": true,
      "license": "MIT",
      "optional": true,
      "os": [
        "android"
      ],
      "engines": {
        "node": ">=18"
      }
    },
    "node_modules/@esbuild/android-x64": {
      "version": "0.24.2",
      "resolved": "https://registry.npmjs.org/@esbuild/android-x64/-/android-x64-0.24.2.tgz",
      "integrity": "sha512-B6Q0YQDqMx9D7rvIcsXfmJfvUYLoP722bgfBlO5cGvNVb5V/+Y7nhBE3mHV9OpxBf4eAS2S68KZztiPaWq4XYw==",
      "cpu": [
        "x64"
      ],
      "dev": true,
      "license": "MIT",
      "optional": true,
      "os": [
        "android"
      ],
      "engines": {
        "node": ">=18"
      }
    },
    "node_modules/@esbuild/darwin-arm64": {
      "version": "0.24.2",
      "resolved": "https://registry.npmjs.org/@esbuild/darwin-arm64/-/darwin-arm64-0.24.2.tgz",
      "integrity": "sha512-kj3AnYWc+CekmZnS5IPu9D+HWtUI49hbnyqk0FLEJDbzCIQt7hg7ucF1SQAilhtYpIujfaHr6O0UHlzzSPdOeA==",
      "cpu": [
        "arm64"
      ],
      "dev": true,
      "license": "MIT",
      "optional": true,
      "os": [
        "darwin"
      ],
      "engines": {
        "node": ">=18"
      }
    },
    "node_modules/@esbuild/darwin-x64": {
      "version": "0.24.2",
      "resolved": "https://registry.npmjs.org/@esbuild/darwin-x64/-/darwin-x64-0.24.2.tgz",
      "integrity": "sha512-WeSrmwwHaPkNR5H3yYfowhZcbriGqooyu3zI/3GGpF8AyUdsrrP0X6KumITGA9WOyiJavnGZUwPGvxvwfWPHIA==",
      "cpu": [
        "x64"
      ],
      "dev": true,
      "license": "MIT",
      "optional": true,
      "os": [
        "darwin"
      ],
      "engines": {
        "node": ">=18"
      }
    },
    "node_modules/@esbuild/freebsd-arm64": {
      "version": "0.24.2",
      "resolved": "https://registry.npmjs.org/@esbuild/freebsd-arm64/-/freebsd-arm64-0.24.2.tgz",
      "integrity": "sha512-UN8HXjtJ0k/Mj6a9+5u6+2eZ2ERD7Edt1Q9IZiB5UZAIdPnVKDoG7mdTVGhHJIeEml60JteamR3qhsr1r8gXvg==",
      "cpu": [
        "arm64"
      ],
      "dev": true,
      "license": "MIT",
      "optional": true,
      "os": [
        "freebsd"
      ],
      "engines": {
        "node": ">=18"
      }
    },
    "node_modules/@esbuild/freebsd-x64": {
      "version": "0.24.2",
      "resolved": "https://registry.npmjs.org/@esbuild/freebsd-x64/-/freebsd-x64-0.24.2.tgz",
      "integrity": "sha512-TvW7wE/89PYW+IevEJXZ5sF6gJRDY/14hyIGFXdIucxCsbRmLUcjseQu1SyTko+2idmCw94TgyaEZi9HUSOe3Q==",
      "cpu": [
        "x64"
      ],
      "dev": true,
      "license": "MIT",
      "optional": true,
      "os": [
        "freebsd"
      ],
      "engines": {
        "node": ">=18"
      }
    },
    "node_modules/@esbuild/linux-arm": {
      "version": "0.24.2",
      "resolved": "https://registry.npmjs.org/@esbuild/linux-arm/-/linux-arm-0.24.2.tgz",
      "integrity": "sha512-n0WRM/gWIdU29J57hJyUdIsk0WarGd6To0s+Y+LwvlC55wt+GT/OgkwoXCXvIue1i1sSNWblHEig00GBWiJgfA==",
      "cpu": [
        "arm"
      ],
      "dev": true,
      "license": "MIT",
      "optional": true,
      "os": [
        "linux"
      ],
      "engines": {
        "node": ">=18"
      }
    },
    "node_modules/@esbuild/linux-arm64": {
      "version": "0.24.2",
      "resolved": "https://registry.npmjs.org/@esbuild/linux-arm64/-/linux-arm64-0.24.2.tgz",
      "integrity": "sha512-7HnAD6074BW43YvvUmE/35Id9/NB7BeX5EoNkK9obndmZBUk8xmJJeU7DwmUeN7tkysslb2eSl6CTrYz6oEMQg==",
      "cpu": [
        "arm64"
      ],
      "dev": true,
      "license": "MIT",
      "optional": true,
      "os": [
        "linux"
      ],
      "engines": {
        "node": ">=18"
      }
    },
    "node_modules/@esbuild/linux-ia32": {
      "version": "0.24.2",
      "resolved": "https://registry.npmjs.org/@esbuild/linux-ia32/-/linux-ia32-0.24.2.tgz",
      "integrity": "sha512-sfv0tGPQhcZOgTKO3oBE9xpHuUqguHvSo4jl+wjnKwFpapx+vUDcawbwPNuBIAYdRAvIDBfZVvXprIj3HA+Ugw==",
      "cpu": [
        "ia32"
      ],
      "dev": true,
      "license": "MIT",
      "optional": true,
      "os": [
        "linux"
      ],
      "engines": {
        "node": ">=18"
      }
    },
    "node_modules/@esbuild/linux-loong64": {
      "version": "0.24.2",
      "resolved": "https://registry.npmjs.org/@esbuild/linux-loong64/-/linux-loong64-0.24.2.tgz",
      "integrity": "sha512-CN9AZr8kEndGooS35ntToZLTQLHEjtVB5n7dl8ZcTZMonJ7CCfStrYhrzF97eAecqVbVJ7APOEe18RPI4KLhwQ==",
      "cpu": [
        "loong64"
      ],
      "dev": true,
      "license": "MIT",
      "optional": true,
      "os": [
        "linux"
      ],
      "engines": {
        "node": ">=18"
      }
    },
    "node_modules/@esbuild/linux-mips64el": {
      "version": "0.24.2",
      "resolved": "https://registry.npmjs.org/@esbuild/linux-mips64el/-/linux-mips64el-0.24.2.tgz",
      "integrity": "sha512-iMkk7qr/wl3exJATwkISxI7kTcmHKE+BlymIAbHO8xanq/TjHaaVThFF6ipWzPHryoFsesNQJPE/3wFJw4+huw==",
      "cpu": [
        "mips64el"
      ],
      "dev": true,
      "license": "MIT",
      "optional": true,
      "os": [
        "linux"
      ],
      "engines": {
        "node": ">=18"
      }
    },
    "node_modules/@esbuild/linux-ppc64": {
      "version": "0.24.2",
      "resolved": "https://registry.npmjs.org/@esbuild/linux-ppc64/-/linux-ppc64-0.24.2.tgz",
      "integrity": "sha512-shsVrgCZ57Vr2L8mm39kO5PPIb+843FStGt7sGGoqiiWYconSxwTiuswC1VJZLCjNiMLAMh34jg4VSEQb+iEbw==",
      "cpu": [
        "ppc64"
      ],
      "dev": true,
      "license": "MIT",
      "optional": true,
      "os": [
        "linux"
      ],
      "engines": {
        "node": ">=18"
      }
    },
    "node_modules/@esbuild/linux-riscv64": {
      "version": "0.24.2",
      "resolved": "https://registry.npmjs.org/@esbuild/linux-riscv64/-/linux-riscv64-0.24.2.tgz",
      "integrity": "sha512-4eSFWnU9Hhd68fW16GD0TINewo1L6dRrB+oLNNbYyMUAeOD2yCK5KXGK1GH4qD/kT+bTEXjsyTCiJGHPZ3eM9Q==",
      "cpu": [
        "riscv64"
      ],
      "dev": true,
      "license": "MIT",
      "optional": true,
      "os": [
        "linux"
      ],
      "engines": {
        "node": ">=18"
      }
    },
    "node_modules/@esbuild/linux-s390x": {
      "version": "0.24.2",
      "resolved": "https://registry.npmjs.org/@esbuild/linux-s390x/-/linux-s390x-0.24.2.tgz",
      "integrity": "sha512-S0Bh0A53b0YHL2XEXC20bHLuGMOhFDO6GN4b3YjRLK//Ep3ql3erpNcPlEFed93hsQAjAQDNsvcK+hV90FubSw==",
      "cpu": [
        "s390x"
      ],
      "dev": true,
      "license": "MIT",
      "optional": true,
      "os": [
        "linux"
      ],
      "engines": {
        "node": ">=18"
      }
    },
    "node_modules/@esbuild/linux-x64": {
      "version": "0.24.2",
      "resolved": "https://registry.npmjs.org/@esbuild/linux-x64/-/linux-x64-0.24.2.tgz",
      "integrity": "sha512-8Qi4nQcCTbLnK9WoMjdC9NiTG6/E38RNICU6sUNqK0QFxCYgoARqVqxdFmWkdonVsvGqWhmm7MO0jyTqLqwj0Q==",
      "cpu": [
        "x64"
      ],
      "dev": true,
      "license": "MIT",
      "optional": true,
      "os": [
        "linux"
      ],
      "engines": {
        "node": ">=18"
      }
    },
    "node_modules/@esbuild/netbsd-arm64": {
      "version": "0.24.2",
      "resolved": "https://registry.npmjs.org/@esbuild/netbsd-arm64/-/netbsd-arm64-0.24.2.tgz",
      "integrity": "sha512-wuLK/VztRRpMt9zyHSazyCVdCXlpHkKm34WUyinD2lzK07FAHTq0KQvZZlXikNWkDGoT6x3TD51jKQ7gMVpopw==",
      "cpu": [
        "arm64"
      ],
      "dev": true,
      "license": "MIT",
      "optional": true,
      "os": [
        "netbsd"
      ],
      "engines": {
        "node": ">=18"
      }
    },
    "node_modules/@esbuild/netbsd-x64": {
      "version": "0.24.2",
      "resolved": "https://registry.npmjs.org/@esbuild/netbsd-x64/-/netbsd-x64-0.24.2.tgz",
      "integrity": "sha512-VefFaQUc4FMmJuAxmIHgUmfNiLXY438XrL4GDNV1Y1H/RW3qow68xTwjZKfj/+Plp9NANmzbH5R40Meudu8mmw==",
      "cpu": [
        "x64"
      ],
      "dev": true,
      "license": "MIT",
      "optional": true,
      "os": [
        "netbsd"
      ],
      "engines": {
        "node": ">=18"
      }
    },
    "node_modules/@esbuild/openbsd-arm64": {
      "version": "0.24.2",
      "resolved": "https://registry.npmjs.org/@esbuild/openbsd-arm64/-/openbsd-arm64-0.24.2.tgz",
      "integrity": "sha512-YQbi46SBct6iKnszhSvdluqDmxCJA+Pu280Av9WICNwQmMxV7nLRHZfjQzwbPs3jeWnuAhE9Jy0NrnJ12Oz+0A==",
      "cpu": [
        "arm64"
      ],
      "dev": true,
      "license": "MIT",
      "optional": true,
      "os": [
        "openbsd"
      ],
      "engines": {
        "node": ">=18"
      }
    },
    "node_modules/@esbuild/openbsd-x64": {
      "version": "0.24.2",
      "resolved": "https://registry.npmjs.org/@esbuild/openbsd-x64/-/openbsd-x64-0.24.2.tgz",
      "integrity": "sha512-+iDS6zpNM6EnJyWv0bMGLWSWeXGN/HTaF/LXHXHwejGsVi+ooqDfMCCTerNFxEkM3wYVcExkeGXNqshc9iMaOA==",
      "cpu": [
        "x64"
      ],
      "dev": true,
      "license": "MIT",
      "optional": true,
      "os": [
        "openbsd"
      ],
      "engines": {
        "node": ">=18"
      }
    },
    "node_modules/@esbuild/sunos-x64": {
      "version": "0.24.2",
      "resolved": "https://registry.npmjs.org/@esbuild/sunos-x64/-/sunos-x64-0.24.2.tgz",
      "integrity": "sha512-hTdsW27jcktEvpwNHJU4ZwWFGkz2zRJUz8pvddmXPtXDzVKTTINmlmga3ZzwcuMpUvLw7JkLy9QLKyGpD2Yxig==",
      "cpu": [
        "x64"
      ],
      "dev": true,
      "license": "MIT",
      "optional": true,
      "os": [
        "sunos"
      ],
      "engines": {
        "node": ">=18"
      }
    },
    "node_modules/@esbuild/win32-arm64": {
      "version": "0.24.2",
      "resolved": "https://registry.npmjs.org/@esbuild/win32-arm64/-/win32-arm64-0.24.2.tgz",
      "integrity": "sha512-LihEQ2BBKVFLOC9ZItT9iFprsE9tqjDjnbulhHoFxYQtQfai7qfluVODIYxt1PgdoyQkz23+01rzwNwYfutxUQ==",
      "cpu": [
        "arm64"
      ],
      "dev": true,
      "license": "MIT",
      "optional": true,
      "os": [
        "win32"
      ],
      "engines": {
        "node": ">=18"
      }
    },
    "node_modules/@esbuild/win32-ia32": {
      "version": "0.24.2",
      "resolved": "https://registry.npmjs.org/@esbuild/win32-ia32/-/win32-ia32-0.24.2.tgz",
      "integrity": "sha512-q+iGUwfs8tncmFC9pcnD5IvRHAzmbwQ3GPS5/ceCyHdjXubwQWI12MKWSNSMYLJMq23/IUCvJMS76PDqXe1fxA==",
      "cpu": [
        "ia32"
      ],
      "dev": true,
      "license": "MIT",
      "optional": true,
      "os": [
        "win32"
      ],
      "engines": {
        "node": ">=18"
      }
    },
    "node_modules/@esbuild/win32-x64": {
      "version": "0.24.2",
      "resolved": "https://registry.npmjs.org/@esbuild/win32-x64/-/win32-x64-0.24.2.tgz",
      "integrity": "sha512-7VTgWzgMGvup6aSqDPLiW5zHaxYJGTO4OokMjIlrCtf+VpEL+cXKtCvg723iguPYI5oaUNdS+/V7OU2gvXVWEg==",
      "cpu": [
        "x64"
      ],
      "dev": true,
      "license": "MIT",
      "optional": true,
      "os": [
        "win32"
      ],
      "engines": {
        "node": ">=18"
      }
    },
    "node_modules/@lexical/clipboard": {
      "version": "0.48.0",
      "resolved": "https://registry.npmjs.org/@lexical/clipboard/-/clipboard-0.48.0.tgz",
      "integrity": "sha512-xO2trk6+yBl8XXa/VNe20kXczmPxFoWtUHjidbBLEtlGBj+mo63pJj6H5o/WlZsoMKmIOJxwxsn2ejrS8G0/7A==",
      "license": "MIT",
      "dependencies": {
        "@lexical/extension": "0.48.0",
        "@lexical/html": "0.48.0",
        "@lexical/internal": "0.48.0",
        "@lexical/list": "0.48.0",
        "@lexical/selection": "0.48.0",
        "@lexical/utils": "0.48.0",
        "@types/trusted-types": "^2.0.7",
        "lexical": "0.48.0"
      },
      "peerDependencies": {
        "typescript": ">=5.2"
      },
      "peerDependenciesMeta": {
        "typescript": {
          "optional": true
        }
      }
    },
    "node_modules/@lexical/code-core": {
      "version": "0.48.0",
      "resolved": "https://registry.npmjs.org/@lexical/code-core/-/code-core-0.48.0.tgz",
      "integrity": "sha512-+O1Ge06AuSo6+r8R2Xk6SkWG07H5/e4K/Scw9aqCM/BRjITxgvFTHTNvgQbaobCsP0uBJiwW1+ZGeWAWcBCY4w==",
      "license": "MIT",
      "dependencies": {
        "@lexical/extension": "0.48.0",
        "@lexical/html": "0.48.0",
        "@lexical/internal": "0.48.0",
        "@lexical/utils": "0.48.0",
        "lexical": "0.48.0"
      },
      "peerDependencies": {
        "typescript": ">=5.2"
      },
      "peerDependenciesMeta": {
        "typescript": {
          "optional": true
        }
      }
    },
    "node_modules/@lexical/dragon": {
      "version": "0.48.0",
      "resolved": "https://registry.npmjs.org/@lexical/dragon/-/dragon-0.48.0.tgz",
      "integrity": "sha512-uPuu7fVca9vmL/Oz30CRZ7FIPIodwMrTgNsRmV8jE6Qd6a7RNiTW7r3+EhbhIdkLb/sjcWsYyOMyUR1TJAB0wQ==",
      "license": "MIT",
      "dependencies": {
        "@lexical/extension": "0.48.0",
        "lexical": "0.48.0"
      },
      "peerDependencies": {
        "typescript": ">=5.2"
      },
      "peerDependenciesMeta": {
        "typescript": {
          "optional": true
        }
      }
    },
    "node_modules/@lexical/extension": {
      "version": "0.48.0",
      "resolved": "https://registry.npmjs.org/@lexical/extension/-/extension-0.48.0.tgz",
      "integrity": "sha512-4uBObgz84mVbQWiumndmIhkuJL0ojHiMwFSvSUM/FCo1YMVIZvpI56blI0y+2Vix/oLui9EgVQSJjjWV4NAszw==",
      "license": "MIT",
      "dependencies": {
        "@lexical/internal": "0.48.0",
        "@lexical/utils": "0.48.0",
        "@preact/signals-core": "^1.14.1",
        "lexical": "0.48.0"
      },
      "peerDependencies": {
        "typescript": ">=5.2"
      },
      "peerDependenciesMeta": {
        "typescript": {
          "optional": true
        }
      }
    },
    "node_modules/@lexical/history": {
      "version": "0.48.0",
      "resolved": "https://registry.npmjs.org/@lexical/history/-/history-0.48.0.tgz",
      "integrity": "sha512-NllvUfO+u3mfi5uC8k2CodwdzeeopFFVtMZ/NMifzFbZFysdWi9m9mqfO46NrEA1rSFOydyefv6oMzC8ULXInA==",
      "license": "MIT",
      "dependencies": {
        "@lexical/extension": "0.48.0",
        "@lexical/utils": "0.48.0",
        "lexical": "0.48.0"
      },
      "peerDependencies": {
        "typescript": ">=5.2"
      },
      "peerDependenciesMeta": {
        "typescript": {
          "optional": true
        }
      }
    },
    "node_modules/@lexical/html": {
      "version": "0.48.0",
      "resolved": "https://registry.npmjs.org/@lexical/html/-/html-0.48.0.tgz",
      "integrity": "sha512-uBxlgKl4YgSNEgHJSshdBqtGDzruWdx1ewop+u6faT67qHUdP3P0cUXIrG6NToDWvsL6fzCstAbN76PMER1Pnw==",
      "license": "MIT",
      "dependencies": {
        "@lexical/extension": "0.48.0",
        "@lexical/internal": "0.48.0",
        "@lexical/selection": "0.48.0",
        "@lexical/utils": "0.48.0",
        "lexical": "0.48.0"
      },
      "peerDependencies": {
        "typescript": ">=5.2"
      },
      "peerDependenciesMeta": {
        "typescript": {
          "optional": true
        }
      }
    },
    "node_modules/@lexical/internal": {
      "version": "0.48.0",
      "resolved": "https://registry.npmjs.org/@lexical/internal/-/internal-0.48.0.tgz",
      "integrity": "sha512-sRwg53K7N0ZQ7KNAvcCY38LSwGizbXP1zlR1lIojZp0GoqHWNvR+vL49t1wYXu1nXx3Osf4ilHHm+aGcwq5hTw==",
      "license": "MIT",
      "peerDependencies": {
        "typescript": ">=5.2"
      },
      "peerDependenciesMeta": {
        "typescript": {
          "optional": true
        }
      }
    },
    "node_modules/@lexical/link": {
      "version": "0.48.0",
      "resolved": "https://registry.npmjs.org/@lexical/link/-/link-0.48.0.tgz",
      "integrity": "sha512-E0UDmNLUXs/yMCnnE7hbFO0CvhWghmqa+qqPksFfzLkpMHdPpdS1yg59YEbYoNHLi/DXIu4cFRvpHIEuooxwNg==",
      "license": "MIT",
      "dependencies": {
        "@lexical/extension": "0.48.0",
        "@lexical/html": "0.48.0",
        "@lexical/internal": "0.48.0",
        "@lexical/utils": "0.48.0",
        "lexical": "0.48.0"
      },
      "peerDependencies": {
        "typescript": ">=5.2"
      },
      "peerDependenciesMeta": {
        "typescript": {
          "optional": true
        }
      }
    },
    "node_modules/@lexical/list": {
      "version": "0.48.0",
      "resolved": "https://registry.npmjs.org/@lexical/list/-/list-0.48.0.tgz",
      "integrity": "sha512-9Qe/Vur44v9F9enj55SUzf79FVsijcGOQug7SpiIU8ekLr7JNzcilKYBYcZ6etGEo7bqQHsYMHXeJcSBbCI2zA==",
      "license": "MIT",
      "dependencies": {
        "@lexical/extension": "0.48.0",
        "@lexical/html": "0.48.0",
        "@lexical/internal": "0.48.0",
        "@lexical/utils": "0.48.0",
        "lexical": "0.48.0"
      },
      "peerDependencies": {
        "typescript": ">=5.2"
      },
      "peerDependenciesMeta": {
        "typescript": {
          "optional": true
        }
      }
    },
    "node_modules/@lexical/mark": {
      "version": "0.48.0",
      "resolved": "https://registry.npmjs.org/@lexical/mark/-/mark-0.48.0.tgz",
      "integrity": "sha512-DTtypWvnYSXyNUxEmsUnh4y0xXkmdk8Y72EZl8WDHcCwjqaLJlUakH7p/TuSJczs3uVSaoJzu0yh7oGkP1Vsvw==",
      "license": "MIT",
      "dependencies": {
        "@lexical/utils": "0.48.0",
        "lexical": "0.48.0"
      },
      "peerDependencies": {
        "typescript": ">=5.2"
      },
      "peerDependenciesMeta": {
        "typescript": {
          "optional": true
        }
      }
    },
    "node_modules/@lexical/markdown": {
      "version": "0.48.0",
      "resolved": "https://registry.npmjs.org/@lexical/markdown/-/markdown-0.48.0.tgz",
      "integrity": "sha512-1WasBenW4bEsa5xtnycVo8G2hcxIqyYLn3/r98yD2Y+54ZyeFuIQfOeJYhIgCh4YkKpfqyrFwkMQwAOsQDqZjA==",
      "license": "MIT",
      "dependencies": {
        "@lexical/code-core": "0.48.0",
        "@lexical/internal": "0.48.0",
        "@lexical/link": "0.48.0",
        "@lexical/list": "0.48.0",
        "@lexical/rich-text": "0.48.0",
        "@lexical/selection": "0.48.0",
        "@lexical/text": "0.48.0",
        "@lexical/utils": "0.48.0",
        "lexical": "0.48.0"
      },
      "peerDependencies": {
        "typescript": ">=5.2"
      },
      "peerDependenciesMeta": {
        "typescript": {
          "optional": true
        }
      }
    },
    "node_modules/@lexical/rich-text": {
      "version": "0.48.0",
      "resolved": "https://registry.npmjs.org/@lexical/rich-text/-/rich-text-0.48.0.tgz",
      "integrity": "sha512-QMXFnwCKAQ4yzxvx5FwmANcx3K+NaBkGTxAVD8s8pOKDD/U5rzDS1iIvhH6TLWaFp7VzvLmLB+Sl1Ie/RnkaDQ==",
      "license": "MIT",
      "dependencies": {
        "@lexical/clipboard": "0.48.0",
        "@lexical/dragon": "0.48.0",
        "@lexical/extension": "0.48.0",
        "@lexical/html": "0.48.0",
        "@lexical/selection": "0.48.0",
        "@lexical/utils": "0.48.0",
        "lexical": "0.48.0"
      },
      "peerDependencies": {
        "typescript": ">=5.2"
      },
      "peerDependenciesMeta": {
        "typescript": {
          "optional": true
        }
      }
    },
    "node_modules/@lexical/selection": {
      "version": "0.48.0",
      "resolved": "https://registry.npmjs.org/@lexical/selection/-/selection-0.48.0.tgz",
      "integrity": "sha512-Uc0wTrEtHcYK6z/aHHjkgH3vX/R4Bf8mO+qH3VbxfSAKYzNYktM0j+ZGdq5kIEL4frnw/9SulNCXlH7xpjuDgA==",
      "license": "MIT",
      "dependencies": {
        "@lexical/internal": "0.48.0",
        "lexical": "0.48.0"
      },
      "peerDependencies": {
        "typescript": ">=5.2"
      },
      "peerDependenciesMeta": {
        "typescript": {
          "optional": true
        }
      }
    },
    "node_modules/@lexical/table": {
      "version": "0.48.0",
      "resolved": "https://registry.npmjs.org/@lexical/table/-/table-0.48.0.tgz",
      "integrity": "sha512-t9Mz7q6ODLUz0lG5Xn9EY/5YiVpTHCqlPQP4EtFXlnBQT3DuKeDS3cC0Cn8sGSZc11YY5OLDfWpB64Frs9BL3g==",
      "license": "MIT",
      "dependencies": {
        "@lexical/clipboard": "0.48.0",
        "@lexical/extension": "0.48.0",
        "@lexical/html": "0.48.0",
        "@lexical/internal": "0.48.0",
        "@lexical/utils": "0.48.0",
        "lexical": "0.48.0"
      },
      "peerDependencies": {
        "typescript": ">=5.2"
      },
      "peerDependenciesMeta": {
        "typescript": {
          "optional": true
        }
      }
    },
    "node_modules/@lexical/text": {
      "version": "0.48.0",
      "resolved": "https://registry.npmjs.org/@lexical/text/-/text-0.48.0.tgz",
      "integrity": "sha512-ktTMRbsX4wKxdG2OpZCkrqtt8k9Vg/ZpWdukOQ0r1xPRtCuL1T+q91l7cy2ywIuCfMGYS0aoZGB4LdpUMe/H1g==",
      "license": "MIT",
      "dependencies": {
        "@lexical/internal": "0.48.0",
        "lexical": "0.48.0"
      },
      "peerDependencies": {
        "typescript": ">=5.2"
      },
      "peerDependenciesMeta": {
        "typescript": {
          "optional": true
        }
      }
    },
    "node_modules/@lexical/utils": {
      "version": "0.48.0",
      "resolved": "https://registry.npmjs.org/@lexical/utils/-/utils-0.48.0.tgz",
      "integrity": "sha512-W4k4P+y6jmRfna8+ad4X+iMd5h8es5PC3bUw5tbi7MRApxaaFG/0w+uJiZVSwbT2Q6JnA2xhBaqzPgt/Gn6djg==",
      "license": "MIT",
      "dependencies": {
        "@lexical/internal": "0.48.0",
        "@lexical/selection": "0.48.0",
        "lexical": "0.48.0"
      },
      "peerDependencies": {
        "typescript": ">=5.2"
      },
      "peerDependenciesMeta": {
        "typescript": {
          "optional": true
        }
      }
    },
    "node_modules/@preact/signals-core": {
      "version": "1.14.4",
      "resolved": "https://registry.npmjs.org/@preact/signals-core/-/signals-core-1.14.4.tgz",
      "integrity": "sha512-HNB6HYeYKhQbJ1aKl+YRjrS4+QWHLKX6qKoUsfS/m0vqzsVaEBiZiaKbG/e+NKk2ch5ALQr/ihWaMHxiCuuWHA==",
      "license": "MIT",
      "funding": {
        "type": "opencollective",
        "url": "https://opencollective.com/preact"
      }
    },
    "node_modules/@types/trusted-types": {
      "version": "2.0.7",
      "resolved": "https://registry.npmjs.org/@types/trusted-types/-/trusted-types-2.0.7.tgz",
      "integrity": "sha512-ScaPdn1dQczgbl0QFTeTOmVHFULt394XJgOQNoyVhZ6r2vLnMLJfBPd53SB52T/3G36VI1/g2MZaX0cwDuXsfw==",
      "license": "MIT"
    },
    "node_modules/esbuild": {
      "version": "0.24.2",
      "resolved": "https://registry.npmjs.org/esbuild/-/esbuild-0.24.2.tgz",
      "integrity": "sha512-+9egpBW8I3CD5XPe0n6BfT5fxLzxrlDzqydF3aviG+9ni1lDC/OvMHcxqEFV0+LANZG5R1bFMWfUrjVsdwxJvA==",
      "dev": true,
      "hasInstallScript": true,
      "license": "MIT",
      "bin": {
        "esbuild": "bin/esbuild"
      },
      "engines": {
        "node": ">=18"
      },
      "optionalDependencies": {
        "@esbuild/aix-ppc64": "0.24.2",
        "@esbuild/android-arm": "0.24.2",
        "@esbuild/android-arm64": "0.24.2",
        "@esbuild/android-x64": "0.24.2",
        "@esbuild/darwin-arm64": "0.24.2",
        "@esbuild/darwin-x64": "0.24.2",
        "@esbuild/freebsd-arm64": "0.24.2",
        "@esbuild/freebsd-x64": "0.24.2",
        "@esbuild/linux-arm": "0.24.2",
        "@esbuild/linux-arm64": "0.24.2",
        "@esbuild/linux-ia32": "0.24.2",
        "@esbuild/linux-loong64": "0.24.2",
        "@esbuild/linux-mips64el": "0.24.2",
        "@esbuild/linux-ppc64": "0.24.2",
        "@esbuild/linux-riscv64": "0.24.2",
        "@esbuild/linux-s390x": "0.24.2",
        "@esbuild/linux-x64": "0.24.2",
        "@esbuild/netbsd-arm64": "0.24.2",
        "@esbuild/netbsd-x64": "0.24.2",
        "@esbuild/openbsd-arm64": "0.24.2",
        "@esbuild/openbsd-x64": "0.24.2",
        "@esbuild/sunos-x64": "0.24.2",
        "@esbuild/win32-arm64": "0.24.2",
        "@esbuild/win32-ia32": "0.24.2",
        "@esbuild/win32-x64": "0.24.2"
      }
    },
    "node_modules/lexical": {
      "version": "0.48.0",
      "resolved": "https://registry.npmjs.org/lexical/-/lexical-0.48.0.tgz",
      "integrity": "sha512-KK4Tyr/cPsleoZ7XvhGRiRmcrZidSmoFUdIXK9nPubIifoC+80Dc5THyc4xtGKtsW24S1TsHzk5gmfBU+TxmEg==",
      "license": "MIT",
      "dependencies": {
        "@lexical/internal": "0.48.0"
      },
      "peerDependencies": {
        "typescript": ">=5.2"
      },
      "peerDependenciesMeta": {
        "typescript": {
          "optional": true
        }
      }
    },
    "node_modules/typescript": {
      "version": "5.9.3",
      "resolved": "https://registry.npmjs.org/typescript/-/typescript-5.9.3.tgz",
      "integrity": "sha512-jl1vZzPDinLr9eUt3J/t7V6FgNEw9QjvBPdysz9KfQDD41fQrC2Y4vKQdiaUpFT4bXlb1RHhLpp8wtm6M5TgSw==",
      "devOptional": true,
      "license": "Apache-2.0",
      "bin": {
        "tsc": "bin/tsc",
        "tsserver": "bin/tsserver"
      },
      "engines": {
        "node": ">=14.17"
      }
    }
  }
}
